# This file is automatically @generated by Cargo.
# It is not intended for manual editing.
version = 4

[[package]]
name = "codetags"
version = "0.1.0"

[[package]]
name = "codetags-bdd"
version = "0.1.0"

[[package]]
name = "codetags-ingest"
version = "0.1.0"

[[package]]
name = "codetags-ipc"
version = "0.1.0"

[[package]]
name = "codetags-materialize"
version = "0.1.0"

[[package]]
name = "codetags-model"
version = "0.1.0"

[[package]]
name = "codetags-mount-fuse"
version = "0.1.0"

[[package]]
name = "codetags-mount-nfs"
version = "0.1.0"

[[package]]
name = "codetags-mount-winfsp"
version = "0.1.0"

[[package]]
name = "codetags-names"
version = "0.1.0"

[[package]]
name = "codetags-plugins"
version = "0.1.0"

[[package]]
name = "codetags-privhelper"
version = "0.1.0"

[[package]]
name = "codetags-tags"
version = "0.1.0"

[[package]]
name = "codetags-views"
version = "0.1.0"

[[package]]
name = "codetags-watch"
version = "0.1.0"
